
Microsoft Visual Studio Solution File, Format Version 12.00
# Visual Studio Version 16
VisualStudioVersion = 16.0.31410.357
MinimumVisualStudioVersion = 10.0.40219.1
Project("{FAE04EC0-301F-11D3-BF4B-00C04F79EFBC}") = "PlayWrightAutomation", "PlayWrightAutomation\PlayWrightAutomation.csproj", "{3764D249-97BE-430B-8667-A6D669E77D2A}"
EndProject
Project("{FAE04EC0-301F-11D3-BF4B-00C04F79EFBC}") = "PlayWriteClassLibrary", "PlayWriteClassLibrary\PlayWriteClassLibrary.csproj", "{670C8CC3-9B55-40A9-939D-A2755BD0A130}"
EndProject
Global
	GlobalSection(SolutionConfigurationPlatforms) = preSolution
		Debug|Any CPU = Debug|Any CPU
		Release|Any CPU = Release|Any CPU
	EndGlobalSection
	GlobalSection(ProjectConfigurationPlatforms) = postSolution
		{3764D249-97BE-430B-8667-A6D669E77D2A}.Debug|Any CPU.ActiveCfg = Debug|Any CPU
		{3764D249-97BE-430B-8667-A6D669E77D2A}.Debug|Any CPU.Build.0 = Debug|Any CPU
		{3764D249-97BE-430B-8667-A6D669E77D2A}.Release|Any CPU.ActiveCfg = Release|Any CPU
		{3764D249-97BE-430B-8667-A6D669E77D2A}.Release|Any CPU.Build.0 = Release|Any CPU
		{670C8CC3-9B55-40A9-939D-A2755BD0A130}.Debug|Any CPU.ActiveCfg = Debug|Any CPU
		{670C8CC3-9B55-40A9-939D-A2755BD0A130}.Debug|Any CPU.Build.0 = Debug|Any CPU
		{670C8CC3-9B55-40A9-939D-A2755BD0A130}.Release|Any CPU.ActiveCfg = Release|Any CPU
		{670C8CC3-9B55-40A9-939D-A2755BD0A130}.Release|Any CPU.Build.0 = Release|Any CPU
	EndGlobalSection
	GlobalSection(SolutionProperties) = preSolution
		HideSolutionNode = FALSE
	EndGlobalSection
	GlobalSection(ExtensibilityGlobals) = postSolution
		SolutionGuid = {50B5B7B5-C41E-4220-9E84-D1279DFB8EE3}
	EndGlobalSection
EndGlobal
